
Microsoft Visual Studio Solution File, Format Version 12.00
# Visual Studio Version 16
VisualStudioVersion = 16.0.29418.71
MinimumVisualStudioVersion = 10.0.40219.1
Project("{8BC9CEB8-8B4A-11D0-8D11-00A0C91BC942}") = "zad12", "zad12\zad12.vcxproj", "{4A2D4A45-7B5A-4570-9C64-259800B4690D}"
EndProject
Global
	GlobalSection(SolutionConfigurationPlatforms) = preSolution
		Debug|x64 = Debug|x64
		Debug|x86 = Debug|x86
		Release|x64 = Release|x64
		Release|x86 = Release|x86
	EndGlobalSection
	GlobalSection(ProjectConfigurationPlatforms) = postSolution
		{4A2D4A45-7B5A-4570-9C64-259800B4690D}.Debug|x64.ActiveCfg = Debug|x64
		{4A2D4A45-7B5A-4570-9C64-259800B4690D}.Debug|x64.Build.0 = Debug|x64
		{4A2D4A45-7B5A-4570-9C64-259800B4690D}.Debug|x86.ActiveCfg = Debug|Win32
		{4A2D4A45-7B5A-4570-9C64-259800B4690D}.Debug|x86.Build.0 = Debug|Win32
		{4A2D4A45-7B5A-4570-9C64-259800B4690D}.Release|x64.ActiveCfg = Release|x64
		{4A2D4A45-7B5A-4570-9C64-259800B4690D}.Release|x64.Build.0 = Release|x64
		{4A2D4A45-7B5A-4570-9C64-259800B4690D}.Release|x86.ActiveCfg = Release|Win32
		{4A2D4A45-7B5A-4570-9C64-259800B4690D}.Release|x86.Build.0 = Release|Win32
	EndGlobalSection
	GlobalSection(SolutionProperties) = preSolution
		HideSolutionNode = FALSE
	EndGlobalSection
	GlobalSection(ExtensibilityGlobals) = postSolution
		SolutionGuid = {49E90C12-7F5D-401C-A895-4E23D1B11E84}
	EndGlobalSection
EndGlobal
